
Microsoft Visual Studio Solution File, Format Version 12.00
# Visual Studio 15
VisualStudioVersion = 15.0.27703.2000
MinimumVisualStudioVersion = 10.0.40219.1
Project("{FAE04EC0-301F-11D3-BF4B-00C04F79EFBC}") = "TimeTrackingApp.Android", "TimeTrackingApp\TimeTrackingApp.Android\TimeTrackingApp.Android.csproj", "{4CC2A6FF-244F-4F56-91D5-284D460D12EE}"
EndProject
Project("{FAE04EC0-301F-11D3-BF4B-00C04F79EFBC}") = "TimeTrackingApp.iOS", "TimeTrackingApp\TimeTrackingApp.iOS\TimeTrackingApp.iOS.csproj", "{A53F1FE2-3FC7-413D-97F1-C0D2C0387F1B}"
EndProject
Project("{FAE04EC0-301F-11D3-BF4B-00C04F79EFBC}") = "TimeTrackingApp.UWP", "TimeTrackingApp\TimeTrackingApp.UWP\TimeTrackingApp.UWP.csproj", "{5B6A1F67-8DC9-446E-83A7-4C8B035D97A1}"
EndProject
Project("{D954291E-2A0B-460D-934E-DC6B0785DB48}") = "TimeTrackingApp", "TimeTrackingApp\TimeTrackingApp\TimeTrackingApp.shproj", "{DBC09AB1-22CF-4587-AEA4-650B26B66EA9}"
EndProject
Global
	GlobalSection(SharedMSBuildProjectFiles) = preSolution
		TimeTrackingApp\TimeTrackingApp\TimeTrackingApp.projitems*{4cc2a6ff-244f-4f56-91d5-284d460d12ee}*SharedItemsImports = 4
		TimeTrackingApp\TimeTrackingApp\TimeTrackingApp.projitems*{5b6a1f67-8dc9-446e-83a7-4c8b035d97a1}*SharedItemsImports = 4
		TimeTrackingApp\TimeTrackingApp\TimeTrackingApp.projitems*{a53f1fe2-3fc7-413d-97f1-c0d2c0387f1b}*SharedItemsImports = 4
		TimeTrackingApp\TimeTrackingApp\TimeTrackingApp.projitems*{dbc09ab1-22cf-4587-aea4-650b26b66ea9}*SharedItemsImports = 13
	EndGlobalSection
	GlobalSection(SolutionConfigurationPlatforms) = preSolution
		Ad-Hoc|Any CPU = Ad-Hoc|Any CPU
		Ad-Hoc|ARM = Ad-Hoc|ARM
		Ad-Hoc|iPhone = Ad-Hoc|iPhone
		Ad-Hoc|iPhoneSimulator = Ad-Hoc|iPhoneSimulator
		Ad-Hoc|x64 = Ad-Hoc|x64
		Ad-Hoc|x86 = Ad-Hoc|x86
		AppStore|Any CPU = AppStore|Any CPU
		AppStore|ARM = AppStore|ARM
		AppStore|iPhone = AppStore|iPhone
		AppStore|iPhoneSimulator = AppStore|iPhoneSimulator
		AppStore|x64 = AppStore|x64
		AppStore|x86 = AppStore|x86
		Debug|Any CPU = Debug|Any CPU
		Debug|ARM = Debug|ARM
		Debug|iPhone = Debug|iPhone
		Debug|iPhoneSimulator = Debug|iPhoneSimulator
		Debug|x64 = Debug|x64
		Debug|x86 = Debug|x86
		Release|Any CPU = Release|Any CPU
		Release|ARM = Release|ARM
		Release|iPhone = Release|iPhone
		Release|iPhoneSimulator = Release|iPhoneSimulator
		Release|x64 = Release|x64
		Release|x86 = Release|x86
	EndGlobalSection
	GlobalSection(ProjectConfigurationPlatforms) = postSolution
		{4CC2A6FF-244F-4F56-91D5-284D460D12EE}.Ad-Hoc|Any CPU.ActiveCfg = Release|Any CPU
		{4CC2A6FF-244F-4F56-91D5-284D460D12EE}.Ad-Hoc|Any CPU.Build.0 = Release|Any CPU
		{4CC2A6FF-244F-4F56-91D5-284D460D12EE}.Ad-Hoc|Any CPU.Deploy.0 = Release|Any CPU
		{4CC2A6FF-244F-4F56-91D5-284D460D12EE}.Ad-Hoc|ARM.ActiveCfg = Release|Any CPU
		{4CC2A6FF-244F-4F56-91D5-284D460D12EE}.Ad-Hoc|ARM.Build.0 = Release|Any CPU
		{4CC2A6FF-244F-4F56-91D5-284D460D12EE}.Ad-Hoc|ARM.Deploy.0 = Release|Any CPU
		{4CC2A6FF-244F-4F56-91D5-284D460D12EE}.Ad-Hoc|iPhone.ActiveCfg = Release|Any CPU
		{4CC2A6FF-244F-4F56-91D5-284D460D12EE}.Ad-Hoc|iPhone.Build.0 = Release|Any CPU
		{4CC2A6FF-244F-4F56-91D5-284D460D12EE}.Ad-Hoc|iPhone.Deploy.0 = Release|Any CPU
		{4CC2A6FF-244F-4F56-91D5-284D460D12EE}.Ad-Hoc|iPhoneSimulator.ActiveCfg = Release|Any CPU
		{4CC2A6FF-244F-4F56-91D5-284D460D12EE}.Ad-Hoc|iPhoneSimulator.Build.0 = Release|Any CPU
		{4CC2A6FF-244F-4F56-91D5-284D460D12EE}.Ad-Hoc|iPhoneSimulator.Deploy.0 = Release|Any CPU
		{4CC2A6FF-244F-4F56-91D5-284D460D12EE}.Ad-Hoc|x64.ActiveCfg = Release|Any CPU
		{4CC2A6FF-244F-4F56-91D5-284D460D12EE}.Ad-Hoc|x64.Build.0 = Release|Any CPU
		{4CC2A6FF-244F-4F56-91D5-284D460D12EE}.Ad-Hoc|x64.Deploy.0 = Release|Any CPU
		{4CC2A6FF-244F-4F56-91D5-284D460D12EE}.Ad-Hoc|x86.ActiveCfg = Release|Any CPU
		{4CC2A6FF-244F-4F56-91D5-284D460D12EE}.Ad-Hoc|x86.Build.0 = Release|Any CPU
		{4CC2A6FF-244F-4F56-91D5-284D460D12EE}.Ad-Hoc|x86.Deploy.0 = Release|Any CPU
		{4CC2A6FF-244F-4F56-91D5-284D460D12EE}.AppStore|Any CPU.ActiveCfg = Release|Any CPU
		{4CC2A6FF-244F-4F56-91D5-284D460D12EE}.AppStore|Any CPU.Build.0 = Release|Any CPU
		{4CC2A6FF-244F-4F56-91D5-284D460D12EE}.AppStore|Any CPU.Deploy.0 = Release|Any CPU
		{4CC2A6FF-244F-4F56-91D5-284D460D12EE}.AppStore|ARM.ActiveCfg = Release|Any CPU
		{4CC2A6FF-244F-4F56-91D5-284D460D12EE}.AppStore|ARM.Build.0 = Release|Any CPU
		{4CC2A6FF-244F-4F56-91D5-284D460D12EE}.AppStore|ARM.Deploy.0 = Release|Any CPU
		{4CC2A6FF-244F-4F56-91D5-284D460D12EE}.AppStore|iPhone.ActiveCfg = Release|Any CPU
		{4CC2A6FF-244F-4F56-91D5-284D460D12EE}.AppStore|iPhone.Build.0 = Release|Any CPU
		{4CC2A6FF-244F-4F56-91D5-284D460D12EE}.AppStore|iPhone.Deploy.0 = Release|Any CPU
		{4CC2A6FF-244F-4F56-91D5-284D460D12EE}.AppStore|iPhoneSimulator.ActiveCfg = Release|Any CPU
		{4CC2A6FF-244F-4F56-91D5-284D460D12EE}.AppStore|iPhoneSimulator.Build.0 = Release|Any CPU
		{4CC2A6FF-244F-4F56-91D5-284D460D12EE}.AppStore|iPhoneSimulator.Deploy.0 = Release|Any CPU
		{4CC2A6FF-244F-4F56-91D5-284D460D12EE}.AppStore|x64.ActiveCfg = Release|Any CPU
		{4CC2A6FF-244F-4F56-91D5-284D460D12EE}.AppStore|x64.Build.0 = Release|Any CPU
		{4CC2A6FF-244F-4F56-91D5-284D460D12EE}.AppStore|x64.Deploy.0 = Release|Any CPU
		{4CC2A6FF-244F-4F56-91D5-284D460D12EE}.AppStore|x86.ActiveCfg = Release|Any CPU
		{4CC2A6FF-244F-4F56-91D5-284D460D12EE}.AppStore|x86.Build.0 = Release|Any CPU
		{4CC2A6FF-244F-4F56-91D5-284D460D12EE}.AppStore|x86.Deploy.0 = Release|Any CPU
		{4CC2A6FF-244F-4F56-91D5-284D460D12EE}.Debug|Any CPU.ActiveCfg = Debug|Any CPU
		{4CC2A6FF-244F-4F56-91D5-284D460D12EE}.Debug|Any CPU.Build.0 = Debug|Any CPU
		{4CC2A6FF-244F-4F56-91D5-284D460D12EE}.Debug|Any CPU.Deploy.0 = Debug|Any CPU
		{4CC2A6FF-244F-4F56-91D5-284D460D12EE}.Debug|ARM.ActiveCfg = Debug|Any CPU
		{4CC2A6FF-244F-4F56-91D5-284D460D12EE}.Debug|ARM.Build.0 = Debug|Any CPU
		{4CC2A6FF-244F-4F56-91D5-284D460D12EE}.Debug|ARM.Deploy.0 = Debug|Any CPU
		{4CC2A6FF-244F-4F56-91D5-284D460D12EE}.Debug|iPhone.ActiveCfg = Debug|Any CPU
		{4CC2A6FF-244F-4F56-91D5-284D460D12EE}.Debug|iPhone.Build.0 = Debug|Any CPU
		{4CC2A6FF-244F-4F56-91D5-284D460D12EE}.Debug|iPhone.Deploy.0 = Debug|Any CPU
		{4CC2A6FF-244F-4F56-91D5-284D460D12EE}.Debug|iPhoneSimulator.ActiveCfg = Debug|Any CPU
		{4CC2A6FF-244F-4F56-91D5-284D460D12EE}.Debug|iPhoneSimulator.Build.0 = Debug|Any CPU
		{4CC2A6FF-244F-4F56-91D5-284D460D12EE}.Debug|iPhoneSimulator.Deploy.0 = Debug|Any CPU
		{4CC2A6FF-244F-4F56-91D5-284D460D12EE}.Debug|x64.ActiveCfg = Debug|Any CPU
		{4CC2A6FF-244F-4F56-91D5-284D460D12EE}.Debug|x64.Build.0 = Debug|Any CPU
		{4CC2A6FF-244F-4F56-91D5-284D460D12EE}.Debug|x64.Deploy.0 = Debug|Any CPU
		{4CC2A6FF-244F-4F56-91D5-284D460D12EE}.Debug|x86.ActiveCfg = Debug|Any CPU
		{4CC2A6FF-244F-4F56-91D5-284D460D12EE}.Debug|x86.Build.0 = Debug|Any CPU
		{4CC2A6FF-244F-4F56-91D5-284D460D12EE}.Debug|x86.Deploy.0 = Debug|Any CPU
		{4CC2A6FF-244F-4F56-91D5-284D460D12EE}.Release|Any CPU.ActiveCfg = Release|Any CPU
		{4CC2A6FF-244F-4F56-91D5-284D460D12EE}.Release|Any CPU.Build.0 = Release|Any CPU
		{4CC2A6FF-244F-4F56-91D5-284D460D12EE}.Release|Any CPU.Deploy.0 = Release|Any CPU
		{4CC2A6FF-244F-4F56-91D5-284D460D12EE}.Release|ARM.ActiveCfg = Release|Any CPU
		{4CC2A6FF-244F-4F56-91D5-284D460D12EE}.Release|ARM.Build.0 = Release|Any CPU
		{4CC2A6FF-244F-4F56-91D5-284D460D12EE}.Release|ARM.Deploy.0 = Release|Any CPU
		{4CC2A6FF-244F-4F56-91D5-284D460D12EE}.Release|iPhone.ActiveCfg = Release|Any CPU
		{4CC2A6FF-244F-4F56-91D5-284D460D12EE}.Release|iPhone.Build.0 = Release|Any CPU
		{4CC2A6FF-244F-4F56-91D5-284D460D12EE}.Release|iPhone.Deploy.0 = Release|Any CPU
		{4CC2A6FF-244F-4F56-91D5-284D460D12EE}.Release|iPhoneSimulator.ActiveCfg = Release|Any CPU
		{4CC2A6FF-244F-4F56-91D5-284D460D12EE}.Release|iPhoneSimulator.Build.0 = Release|Any CPU
		{4CC2A6FF-244F-4F56-91D5-284D460D12EE}.Release|iPhoneSimulator.Deploy.0 = Release|Any CPU
		{4CC2A6FF-244F-4F56-91D5-284D460D12EE}.Release|x64.ActiveCfg = Release|Any CPU
		{4CC2A6FF-244F-4F56-91D5-284D460D12EE}.Release|x64.Build.0 = Release|Any CPU
		{4CC2A6FF-244F-4F56-91D5-284D460D12EE}.Release|x64.Deploy.0 = Release|Any CPU
		{4CC2A6FF-244F-4F56-91D5-284D460D12EE}.Release|x86.ActiveCfg = Release|Any CPU
		{4CC2A6FF-244F-4F56-91D5-284D460D12EE}.Release|x86.Build.0 = Release|Any CPU
		{4CC2A6FF-244F-4F56-91D5-284D460D12EE}.Release|x86.Deploy.0 = Release|Any CPU
		{A53F1FE2-3FC7-413D-97F1-C0D2C0387F1B}.Ad-Hoc|Any CPU.ActiveCfg = Ad-Hoc|iPhone
		{A53F1FE2-3FC7-413D-97F1-C0D2C0387F1B}.Ad-Hoc|Any CPU.Build.0 = Ad-Hoc|iPhone
		{A53F1FE2-3FC7-413D-97F1-C0D2C0387F1B}.Ad-Hoc|Any CPU.Deploy.0 = Ad-Hoc|iPhone
		{A53F1FE2-3FC7-413D-97F1-C0D2C0387F1B}.Ad-Hoc|ARM.ActiveCfg = Ad-Hoc|iPhone
		{A53F1FE2-3FC7-413D-97F1-C0D2C0387F1B}.Ad-Hoc|ARM.Build.0 = Ad-Hoc|iPhone
		{A53F1FE2-3FC7-413D-97F1-C0D2C0387F1B}.Ad-Hoc|ARM.Deploy.0 = Ad-Hoc|iPhone
		{A53F1FE2-3FC7-413D-97F1-C0D2C0387F1B}.Ad-Hoc|iPhone.ActiveCfg = Ad-Hoc|iPhone
		{A53F1FE2-3FC7-413D-97F1-C0D2C0387F1B}.Ad-Hoc|iPhone.Build.0 = Ad-Hoc|iPhone
		{A53F1FE2-3FC7-413D-97F1-C0D2C0387F1B}.Ad-Hoc|iPhone.Deploy.0 = Ad-Hoc|iPhone
		{A53F1FE2-3FC7-413D-97F1-C0D2C0387F1B}.Ad-Hoc|iPhoneSimulator.ActiveCfg = Ad-Hoc|iPhoneSimulator
		{A53F1FE2-3FC7-413D-97F1-C0D2C0387F1B}.Ad-Hoc|iPhoneSimulator.Build.0 = Ad-Hoc|iPhoneSimulator
		{A53F1FE2-3FC7-413D-97F1-C0D2C0387F1B}.Ad-Hoc|iPhoneSimulator.Deploy.0 = Ad-Hoc|iPhoneSimulator
		{A53F1FE2-3FC7-413D-97F1-C0D2C0387F1B}.Ad-Hoc|x64.ActiveCfg = Ad-Hoc|iPhone
		{A53F1FE2-3FC7-413D-97F1-C0D2C0387F1B}.Ad-Hoc|x64.Build.0 = Ad-Hoc|iPhone
		{A53F1FE2-3FC7-413D-97F1-C0D2C0387F1B}.Ad-Hoc|x64.Deploy.0 = Ad-Hoc|iPhone
		{A53F1FE2-3FC7-413D-97F1-C0D2C0387F1B}.Ad-Hoc|x86.ActiveCfg = Ad-Hoc|iPhone
		{A53F1FE2-3FC7-413D-97F1-C0D2C0387F1B}.Ad-Hoc|x86.Build.0 = Ad-Hoc|iPhone
		{A53F1FE2-3FC7-413D-97F1-C0D2C0387F1B}.Ad-Hoc|x86.Deploy.0 = Ad-Hoc|iPhone
		{A53F1FE2-3FC7-413D-97F1-C0D2C0387F1B}.AppStore|Any CPU.ActiveCfg = AppStore|iPhone
		{A53F1FE2-3FC7-413D-97F1-C0D2C0387F1B}.AppStore|Any CPU.Build.0 = AppStore|iPhone
		{A53F1FE2-3FC7-413D-97F1-C0D2C0387F1B}.AppStore|Any CPU.Deploy.0 = AppStore|iPhone
		{A53F1FE2-3FC7-413D-97F1-C0D2C0387F1B}.AppStore|ARM.ActiveCfg = AppStore|iPhone
		{A53F1FE2-3FC7-413D-97F1-C0D2C0387F1B}.AppStore|ARM.Build.0 = AppStore|iPhone
		{A53F1FE2-3FC7-413D-97F1-C0D2C0387F1B}.AppStore|ARM.Deploy.0 = AppStore|iPhone
		{A53F1FE2-3FC7-413D-97F1-C0D2C0387F1B}.AppStore|iPhone.ActiveCfg = AppStore|iPhone
		{A53F1FE2-3FC7-413D-97F1-C0D2C0387F1B}.AppStore|iPhone.Build.0 = AppStore|iPhone
		{A53F1FE2-3FC7-413D-97F1-C0D2C0387F1B}.AppStore|iPhone.Deploy.0 = AppStore|iPhone
		{A53F1FE2-3FC7-413D-97F1-C0D2C0387F1B}.AppStore|iPhoneSimulator.ActiveCfg = AppStore|iPhoneSimulator
		{A53F1FE2-3FC7-413D-97F1-C0D2C0387F1B}.AppStore|iPhoneSimulator.Build.0 = AppStore|iPhoneSimulator
		{A53F1FE2-3FC7-413D-97F1-C0D2C0387F1B}.AppStore|iPhoneSimulator.Deploy.0 = AppStore|iPhoneSimulator
		{A53F1FE2-3FC7-413D-97F1-C0D2C0387F1B}.AppStore|x64.ActiveCfg = AppStore|iPhone
		{A53F1FE2-3FC7-413D-97F1-C0D2C0387F1B}.AppStore|x64.Build.0 = AppStore|iPhone
		{A53F1FE2-3FC7-413D-97F1-C0D2C0387F1B}.AppStore|x64.Deploy.0 = AppStore|iPhone
		{A53F1FE2-3FC7-413D-97F1-C0D2C0387F1B}.AppStore|x86.ActiveCfg = AppStore|iPhone
		{A53F1FE2-3FC7-413D-97F1-C0D2C0387F1B}.AppStore|x86.Build.0 = AppStore|iPhone
		{A53F1FE2-3FC7-413D-97F1-C0D2C0387F1B}.AppStore|x86.Deploy.0 = AppStore|iPhone
		{A53F1FE2-3FC7-413D-97F1-C0D2C0387F1B}.Debug|Any CPU.ActiveCfg = Debug|iPhoneSimulator
		{A53F1FE2-3FC7-413D-97F1-C0D2C0387F1B}.Debug|Any CPU.Build.0 = Debug|iPhoneSimulator
		{A53F1FE2-3FC7-413D-97F1-C0D2C0387F1B}.Debug|Any CPU.Deploy.0 = Debug|iPhoneSimulator
		{A53F1FE2-3FC7-413D-97F1-C0D2C0387F1B}.Debug|ARM.ActiveCfg = Debug|iPhone
		{A53F1FE2-3FC7-413D-97F1-C0D2C0387F1B}.Debug|ARM.Build.0 = Debug|iPhone
		{A53F1FE2-3FC7-413D-97F1-C0D2C0387F1B}.Debug|ARM.Deploy.0 = Debug|iPhone
		{A53F1FE2-3FC7-413D-97F1-C0D2C0387F1B}.Debug|iPhone.ActiveCfg = Debug|iPhone
		{A53F1FE2-3FC7-413D-97F1-C0D2C0387F1B}.Debug|iPhone.Build.0 = Debug|iPhone
		{A53F1FE2-3FC7-413D-97F1-C0D2C0387F1B}.Debug|iPhone.Deploy.0 = Debug|iPhone
		{A53F1FE2-3FC7-413D-97F1-C0D2C0387F1B}.Debug|iPhoneSimulator.ActiveCfg = Debug|iPhoneSimulator
		{A53F1FE2-3FC7-413D-97F1-C0D2C0387F1B}.Debug|iPhoneSimulator.Build.0 = Debug|iPhoneSimulator
		{A53F1FE2-3FC7-413D-97F1-C0D2C0387F1B}.Debug|iPhoneSimulator.Deploy.0 = Debug|iPhoneSimulator
		{A53F1FE2-3FC7-413D-97F1-C0D2C0387F1B}.Debug|x64.ActiveCfg = Debug|iPhone
		{A53F1FE2-3FC7-413D-97F1-C0D2C0387F1B}.Debug|x64.Build.0 = Debug|iPhone
		{A53F1FE2-3FC7-413D-97F1-C0D2C0387F1B}.Debug|x64.Deploy.0 = Debug|iPhone
		{A53F1FE2-3FC7-413D-97F1-C0D2C0387F1B}.Debug|x86.ActiveCfg = Debug|iPhone
		{A53F1FE2-3FC7-413D-97F1-C0D2C0387F1B}.Debug|x86.Build.0 = Debug|iPhone
		{A53F1FE2-3FC7-413D-97F1-C0D2C0387F1B}.Debug|x86.Deploy.0 = Debug|iPhone
		{A53F1FE2-3FC7-413D-97F1-C0D2C0387F1B}.Release|Any CPU.ActiveCfg = Release|iPhone
		{A53F1FE2-3FC7-413D-97F1-C0D2C0387F1B}.Release|Any CPU.Build.0 = Release|iPhone
		{A53F1FE2-3FC7-413D-97F1-C0D2C0387F1B}.Release|Any CPU.Deploy.0 = Release|iPhone
		{A53F1FE2-3FC7-413D-97F1-C0D2C0387F1B}.Release|ARM.ActiveCfg = Release|iPhone
		{A53F1FE2-3FC7-413D-97F1-C0D2C0387F1B}.Release|ARM.Build.0 = Release|iPhone
		{A53F1FE2-3FC7-413D-97F1-C0D2C0387F1B}.Release|ARM.Deploy.0 = Release|iPhone
		{A53F1FE2-3FC7-413D-97F1-C0D2C0387F1B}.Release|iPhone.ActiveCfg = Release|iPhone
		{A53F1FE2-3FC7-413D-97F1-C0D2C0387F1B}.Release|iPhone.Build.0 = Release|iPhone
		{A53F1FE2-3FC7-413D-97F1-C0D2C0387F1B}.Release|iPhone.Deploy.0 = Release|iPhone
		{A53F1FE2-3FC7-413D-97F1-C0D2C0387F1B}.Release|iPhoneSimulator.ActiveCfg = Release|iPhoneSimulator
		{A53F1FE2-3FC7-413D-97F1-C0D2C0387F1B}.Release|iPhoneSimulator.Build.0 = Release|iPhoneSimulator
		{A53F1FE2-3FC7-413D-97F1-C0D2C0387F1B}.Release|iPhoneSimulator.Deploy.0 = Release|iPhoneSimulator
		{A53F1FE2-3FC7-413D-97F1-C0D2C0387F1B}.Release|x64.ActiveCfg = Release|iPhone
		{A53F1FE2-3FC7-413D-97F1-C0D2C0387F1B}.Release|x64.Build.0 = Release|iPhone
		{A53F1FE2-3FC7-413D-97F1-C0D2C0387F1B}.Release|x64.Deploy.0 = Release|iPhone
		{A53F1FE2-3FC7-413D-97F1-C0D2C0387F1B}.Release|x86.ActiveCfg = Release|iPhone
		{A53F1FE2-3FC7-413D-97F1-C0D2C0387F1B}.Release|x86.Build.0 = Release|iPhone
		{A53F1FE2-3FC7-413D-97F1-C0D2C0387F1B}.Release|x86.Deploy.0 = Release|iPhone
		{5B6A1F67-8DC9-446E-83A7-4C8B035D97A1}.Ad-Hoc|Any CPU.ActiveCfg = Release|x86
		{5B6A1F67-8DC9-446E-83A7-4C8B035D97A1}.Ad-Hoc|Any CPU.Build.0 = Release|x86
		{5B6A1F67-8DC9-446E-83A7-4C8B035D97A1}.Ad-Hoc|Any CPU.Deploy.0 = Release|x86
		{5B6A1F67-8DC9-446E-83A7-4C8B035D97A1}.Ad-Hoc|ARM.ActiveCfg = Release|ARM
		{5B6A1F67-8DC9-446E-83A7-4C8B035D97A1}.Ad-Hoc|ARM.Build.0 = Release|ARM
		{5B6A1F67-8DC9-446E-83A7-4C8B035D97A1}.Ad-Hoc|ARM.Deploy.0 = Release|ARM
		{5B6A1F67-8DC9-446E-83A7-4C8B035D97A1}.Ad-Hoc|iPhone.ActiveCfg = Release|x86
		{5B6A1F67-8DC9-446E-83A7-4C8B035D97A1}.Ad-Hoc|iPhone.Build.0 = Release|x86
		{5B6A1F67-8DC9-446E-83A7-4C8B035D97A1}.Ad-Hoc|iPhone.Deploy.0 = Release|x86
		{5B6A1F67-8DC9-446E-83A7-4C8B035D97A1}.Ad-Hoc|iPhoneSimulator.ActiveCfg = Release|x86
		{5B6A1F67-8DC9-446E-83A7-4C8B035D97A1}.Ad-Hoc|iPhoneSimulator.Build.0 = Release|x86
		{5B6A1F67-8DC9-446E-83A7-4C8B035D97A1}.Ad-Hoc|iPhoneSimulator.Deploy.0 = Release|x86
		{5B6A1F67-8DC9-446E-83A7-4C8B035D97A1}.Ad-Hoc|x64.ActiveCfg = Release|x64
		{5B6A1F67-8DC9-446E-83A7-4C8B035D97A1}.Ad-Hoc|x64.Build.0 = Release|x64
		{5B6A1F67-8DC9-446E-83A7-4C8B035D97A1}.Ad-Hoc|x64.Deploy.0 = Release|x64
		{5B6A1F67-8DC9-446E-83A7-4C8B035D97A1}.Ad-Hoc|x86.ActiveCfg = Release|x86
		{5B6A1F67-8DC9-446E-83A7-4C8B035D97A1}.Ad-Hoc|x86.Build.0 = Release|x86
		{5B6A1F67-8DC9-446E-83A7-4C8B035D97A1}.Ad-Hoc|x86.Deploy.0 = Release|x86
		{5B6A1F67-8DC9-446E-83A7-4C8B035D97A1}.AppStore|Any CPU.ActiveCfg = Release|x86
		{5B6A1F67-8DC9-446E-83A7-4C8B035D97A1}.AppStore|Any CPU.Build.0 = Release|x86
		{5B6A1F67-8DC9-446E-83A7-4C8B035D97A1}.AppStore|Any CPU.Deploy.0 = Release|x86
		{5B6A1F67-8DC9-446E-83A7-4C8B035D97A1}.AppStore|ARM.ActiveCfg = Release|ARM
		{5B6A1F67-8DC9-446E-83A7-4C8B035D97A1}.AppStore|ARM.Build.0 = Release|ARM
		{5B6A1F67-8DC9-446E-83A7-4C8B035D97A1}.AppStore|ARM.Deploy.0 = Release|ARM
		{5B6A1F67-8DC9-446E-83A7-4C8B035D97A1}.AppStore|iPhone.ActiveCfg = Release|x86
		{5B6A1F67-8DC9-446E-83A7-4C8B035D97A1}.AppStore|iPhone.Build.0 = Release|x86
		{5B6A1F67-8DC9-446E-83A7-4C8B035D97A1}.AppStore|iPhone.Deploy.0 = Release|x86
		{5B6A1F67-8DC9-446E-83A7-4C8B035D97A1}.AppStore|iPhoneSimulator.ActiveCfg = Release|x86
		{5B6A1F67-8DC9-446E-83A7-4C8B035D97A1}.AppStore|iPhoneSimulator.Build.0 = Release|x86
		{5B6A1F67-8DC9-446E-83A7-4C8B035D97A1}.AppStore|iPhoneSimulator.Deploy.0 = Release|x86
		{5B6A1F67-8DC9-446E-83A7-4C8B035D97A1}.AppStore|x64.ActiveCfg = Release|x64
		{5B6A1F67-8DC9-446E-83A7-4C8B035D97A1}.AppStore|x64.Build.0 = Release|x64
		{5B6A1F67-8DC9-446E-83A7-4C8B035D97A1}.AppStore|x64.Deploy.0 = Release|x64
		{5B6A1F67-8DC9-446E-83A7-4C8B035D97A1}.AppStore|x86.ActiveCfg = Release|x86
		{5B6A1F67-8DC9-446E-83A7-4C8B035D97A1}.AppStore|x86.Build.0 = Release|x86
		{5B6A1F67-8DC9-446E-83A7-4C8B035D97A1}.AppStore|x86.Deploy.0 = Release|x86
		{5B6A1F67-8DC9-446E-83A7-4C8B035D97A1}.Debug|Any CPU.ActiveCfg = Debug|x86
		{5B6A1F67-8DC9-446E-83A7-4C8B035D97A1}.Debug|Any CPU.Build.0 = Debug|x86
		{5B6A1F67-8DC9-446E-83A7-4C8B035D97A1}.Debug|Any CPU.Deploy.0 = Debug|x86
		{5B6A1F67-8DC9-446E-83A7-4C8B035D97A1}.Debug|ARM.ActiveCfg = Debug|ARM
		{5B6A1F67-8DC9-446E-83A7-4C8B035D97A1}.Debug|ARM.Build.0 = Debug|ARM
		{5B6A1F67-8DC9-446E-83A7-4C8B035D97A1}.Debug|ARM.Deploy.0 = Debug|ARM
		{5B6A1F67-8DC9-446E-83A7-4C8B035D97A1}.Debug|iPhone.ActiveCfg = Debug|x86
		{5B6A1F67-8DC9-446E-83A7-4C8B035D97A1}.Debug|iPhone.Build.0 = Debug|x86
		{5B6A1F67-8DC9-446E-83A7-4C8B035D97A1}.Debug|iPhone.Deploy.0 = Debug|x86
		{5B6A1F67-8DC9-446E-83A7-4C8B035D97A1}.Debug|iPhoneSimulator.ActiveCfg = Debug|x86
		{5B6A1F67-8DC9-446E-83A7-4C8B035D97A1}.Debug|iPhoneSimulator.Build.0 = Debug|x86
		{5B6A1F67-8DC9-446E-83A7-4C8B035D97A1}.Debug|iPhoneSimulator.Deploy.0 = Debug|x86
		{5B6A1F67-8DC9-446E-83A7-4C8B035D97A1}.Debug|x64.ActiveCfg = Debug|x64
		{5B6A1F67-8DC9-446E-83A7-4C8B035D97A1}.Debug|x64.Build.0 = Debug|x64
		{5B6A1F67-8DC9-446E-83A7-4C8B035D97A1}.Debug|x64.Deploy.0 = Debug|x64
		{5B6A1F67-8DC9-446E-83A7-4C8B035D97A1}.Debug|x86.ActiveCfg = Debug|x86
		{5B6A1F67-8DC9-446E-83A7-4C8B035D97A1}.Debug|x86.Build.0 = Debug|x86
		{5B6A1F67-8DC9-446E-83A7-4C8B035D97A1}.Debug|x86.Deploy.0 = Debug|x86
		{5B6A1F67-8DC9-446E-83A7-4C8B035D97A1}.Release|Any CPU.ActiveCfg = Release|x86
		{5B6A1F67-8DC9-446E-83A7-4C8B035D97A1}.Release|Any CPU.Build.0 = Release|x86
		{5B6A1F67-8DC9-446E-83A7-4C8B035D97A1}.Release|Any CPU.Deploy.0 = Release|x86
		{5B6A1F67-8DC9-446E-83A7-4C8B035D97A1}.Release|ARM.ActiveCfg = Release|ARM
		{5B6A1F67-8DC9-446E-83A7-4C8B035D97A1}.Release|ARM.Build.0 = Release|ARM
		{5B6A1F67-8DC9-446E-83A7-4C8B035D97A1}.Release|ARM.Deploy.0 = Release|ARM
		{5B6A1F67-8DC9-446E-83A7-4C8B035D97A1}.Release|iPhone.ActiveCfg = Release|x86
		{5B6A1F67-8DC9-446E-83A7-4C8B035D97A1}.Release|iPhone.Build.0 = Release|x86
		{5B6A1F67-8DC9-446E-83A7-4C8B035D97A1}.Release|iPhone.Deploy.0 = Release|x86
		{5B6A1F67-8DC9-446E-83A7-4C8B035D97A1}.Release|iPhoneSimulator.ActiveCfg = Release|x86
		{5B6A1F67-8DC9-446E-83A7-4C8B035D97A1}.Release|iPhoneSimulator.Build.0 = Release|x86
		{5B6A1F67-8DC9-446E-83A7-4C8B035D97A1}.Release|iPhoneSimulator.Deploy.0 = Release|x86
		{5B6A1F67-8DC9-446E-83A7-4C8B035D97A1}.Release|x64.ActiveCfg = Release|x64
		{5B6A1F67-8DC9-446E-83A7-4C8B035D97A1}.Release|x64.Build.0 = Release|x64
		{5B6A1F67-8DC9-446E-83A7-4C8B035D97A1}.Release|x64.Deploy.0 = Release|x64
		{5B6A1F67-8DC9-446E-83A7-4C8B035D97A1}.Release|x86.ActiveCfg = Release|x86
		{5B6A1F67-8DC9-446E-83A7-4C8B035D97A1}.Release|x86.Build.0 = Release|x86
		{5B6A1F67-8DC9-446E-83A7-4C8B035D97A1}.Release|x86.Deploy.0 = Release|x86
	EndGlobalSection
	GlobalSection(SolutionProperties) = preSolution
		HideSolutionNode = FALSE
	EndGlobalSection
	GlobalSection(ExtensibilityGlobals) = postSolution
		SolutionGuid = {4BC3FAE9-F7D3-443C-AFE2-195A4B039ABD}
	EndGlobalSection
EndGlobal
